// !$*UTF8*$!
{
	archiveVersion = 1;
	classes = {
	};
	objectVersion = 46;
	objects = {

/* Begin PBXBuildFile section */
		032203E616B8A56400CFEC9A /* Calc Button.png in Resources */ = {isa = PBXBuildFile; fileRef = 032203E516B8A56400CFEC9A /* Calc Button.png */; };
		032AF95316B89495004400C0 /* Button^(u).png in Resources */ = {isa = PBXBuildFile; fileRef = 032AF95216B89495004400C0 /* Button^(u).png */; };
		039114C216C830CF001E12D6 /* 6125736-calculator-and-pencil-icon-or-symbol-illustration.png in Resources */ = {isa = PBXBuildFile; fileRef = 039114C116C830CF001E12D6 /* 6125736-calculator-and-pencil-icon-or-symbol-illustration.png */; };
		039114C416C830D9001E12D6 /* 6125736-calculator-and-pencil-icon-or-symbol-illustration.png in Resources */ = {isa = PBXBuildFile; fileRef = 039114C316C830D9001E12D6 /* 6125736-calculator-and-pencil-icon-or-symbol-illustration.png */; };
		039114C816C830FF001E12D6 /* as.png in Resources */ = {isa = PBXBuildFile; fileRef = 039114C716C830FF001E12D6 /* as.png */; };
		039E81AA16B89227008691BC /* 9.png in Resources */ = {isa = PBXBuildFile; fileRef = 039E818616B89227008691BC /* 9.png */; };
		039E81AB16B89227008691BC /* Button((u).png in Resources */ = {isa = PBXBuildFile; fileRef = 039E818716B89227008691BC /* Button((u).png */; };
		039E81AC16B89227008691BC /* Button)(u).png in Resources */ = {isa = PBXBuildFile; fileRef = 039E818816B89227008691BC /* Button)(u).png */; };
		039E81AD16B89227008691BC /* Button+(u).png in Resources */ = {isa = PBXBuildFile; fileRef = 039E818916B89227008691BC /* Button+(u).png */; };
		039E81AE16B89227008691BC /* Button+-(u).png in Resources */ = {isa = PBXBuildFile; fileRef = 039E818A16B89227008691BC /* Button+-(u).png */; };
		039E81AF16B89227008691BC /* Button-(u).png in Resources */ = {isa = PBXBuildFile; fileRef = 039E818B16B89227008691BC /* Button-(u).png */; };
		039E81B016B89227008691BC /* Button-\(u).png in Resources */ = {isa = PBXBuildFile; fileRef = 039E818C16B89227008691BC /* Button-\(u).png */; };
		039E81B116B89227008691BC /* Button0(p).png in Resources */ = {isa = PBXBuildFile; fileRef = 039E818D16B89227008691BC /* Button0(p).png */; };
		039E81B216B89227008691BC /* Button0(u).png in Resources */ = {isa = PBXBuildFile; fileRef = 039E818E16B89227008691BC /* Button0(u).png */; };
		039E81B316B89227008691BC /* Button1(p).png in Resources */ = {isa = PBXBuildFile; fileRef = 039E818F16B89227008691BC /* Button1(p).png */; };
		039E81B416B89227008691BC /* Button1(u).png in Resources */ = {isa = PBXBuildFile; fileRef = 039E819016B89227008691BC /* Button1(u).png */; };
		039E81B516B89227008691BC /* Button2(p).png in Resources */ = {isa = PBXBuildFile; fileRef = 039E819116B89227008691BC /* Button2(p).png */; };
		039E81B616B89227008691BC /* Button2(u).png in Resources */ = {isa = PBXBuildFile; fileRef = 039E819216B89227008691BC /* Button2(u).png */; };
		039E81B716B89227008691BC /* Button3(p).png in Resources */ = {isa = PBXBuildFile; fileRef = 039E819316B89227008691BC /* Button3(p).png */; };
		039E81B816B89227008691BC /* Button3(u).png in Resources */ = {isa = PBXBuildFile; fileRef = 039E819416B89227008691BC /* Button3(u).png */; };
		039E81B916B89227008691BC /* Button4(p).png in Resources */ = {isa = PBXBuildFile; fileRef = 039E819516B89227008691BC /* Button4(p).png */; };
		039E81BA16B89227008691BC /* Button4(u).png in Resources */ = {isa = PBXBuildFile; fileRef = 039E819616B89227008691BC /* Button4(u).png */; };
		039E81BB16B89227008691BC /* Button5(p).png in Resources */ = {isa = PBXBuildFile; fileRef = 039E819716B89227008691BC /* Button5(p).png */; };
		039E81BC16B89227008691BC /* Button5(u).png in Resources */ = {isa = PBXBuildFile; fileRef = 039E819816B89227008691BC /* Button5(u).png */; };
		039E81BD16B89227008691BC /* Button6(p).png in Resources */ = {isa = PBXBuildFile; fileRef = 039E819916B89227008691BC /* Button6(p).png */; };
		039E81BE16B89227008691BC /* Button6(u).png in Resources */ = {isa = PBXBuildFile; fileRef = 039E819A16B89227008691BC /* Button6(u).png */; };
		039E81BF16B89227008691BC /* Button7(p).png in Resources */ = {isa = PBXBuildFile; fileRef = 039E819B16B89227008691BC /* Button7(p).png */; };
		039E81C016B89227008691BC /* Button7(u).png in Resources */ = {isa = PBXBuildFile; fileRef = 039E819C16B89227008691BC /* Button7(u).png */; };
		039E81C116B89227008691BC /* Button8(p).png in Resources */ = {isa = PBXBuildFile; fileRef = 039E819D16B89227008691BC /* Button8(p).png */; };
		039E81C216B89227008691BC /* Button8(u).png in Resources */ = {isa = PBXBuildFile; fileRef = 039E819E16B89227008691BC /* Button8(u).png */; };
		039E81C316B89227008691BC /* Button9(p).png in Resources */ = {isa = PBXBuildFile; fileRef = 039E819F16B89227008691BC /* Button9(p).png */; };
		039E81C416B89227008691BC /* Button9(u).png in Resources */ = {isa = PBXBuildFile; fileRef = 039E81A016B89227008691BC /* Button9(u).png */; };
		039E81C616B89227008691BC /* ButtonC(u).png in Resources */ = {isa = PBXBuildFile; fileRef = 039E81A216B89227008691BC /* ButtonC(u).png */; };
		039E81C716B89227008691BC /* ButtonE(p).png in Resources */ = {isa = PBXBuildFile; fileRef = 039E81A316B89227008691BC /* ButtonE(p).png */; };
		039E81C816B89227008691BC /* ButtonE(u).png in Resources */ = {isa = PBXBuildFile; fileRef = 039E81A416B89227008691BC /* ButtonE(u).png */; };
		039E81C916B89227008691BC /* Buttonp(p).png in Resources */ = {isa = PBXBuildFile; fileRef = 039E81A516B89227008691BC /* Buttonp(p).png */; };
		039E81CA16B89227008691BC /* Buttonp(u).png in Resources */ = {isa = PBXBuildFile; fileRef = 039E81A616B89227008691BC /* Buttonp(u).png */; };
		039E81CB16B89227008691BC /* ButtonPi(u).png in Resources */ = {isa = PBXBuildFile; fileRef = 039E81A716B89227008691BC /* ButtonPi(u).png */; };
		039E81CC16B89227008691BC /* ButtonX(u).png in Resources */ = {isa = PBXBuildFile; fileRef = 039E81A816B89227008691BC /* ButtonX(u).png */; };
		039E81CD16B89227008691BC /* Calc Button.ai in Resources */ = {isa = PBXBuildFile; fileRef = 039E81A916B89227008691BC /* Calc Button.ai */; };
		03A66FFD16B8AAEE003A9D57 /* Screen.png in Resources */ = {isa = PBXBuildFile; fileRef = 03A66FFC16B8AAEE003A9D57 /* Screen.png */; };
		03A6700116B8B214003A9D57 /* low_contrast_linen.png in Resources */ = {isa = PBXBuildFile; fileRef = 03A6700016B8B214003A9D57 /* low_contrast_linen.png */; };
		03B5A86C16A4920F007E3F88 /* UIKit.framework in Frameworks */ = {isa = PBXBuildFile; fileRef = 03B5A86B16A4920F007E3F88 /* UIKit.framework */; };
		03B5A86E16A4920F007E3F88 /* Foundation.framework in Frameworks */ = {isa = PBXBuildFile; fileRef = 03B5A86D16A4920F007E3F88 /* Foundation.framework */; };
		03B5A87016A4920F007E3F88 /* CoreGraphics.framework in Frameworks */ = {isa = PBXBuildFile; fileRef = 03B5A86F16A4920F007E3F88 /* CoreGraphics.framework */; };
		03B5A87616A4920F007E3F88 /* InfoPlist.strings in Resources */ = {isa = PBXBuildFile; fileRef = 03B5A87416A4920F007E3F88 /* InfoPlist.strings */; };
		03B5A87816A4920F007E3F88 /* main.m in Sources */ = {isa = PBXBuildFile; fileRef = 03B5A87716A4920F007E3F88 /* main.m */; };
		03B5A87C16A4920F007E3F88 /* JLPAppDelegate.m in Sources */ = {isa = PBXBuildFile; fileRef = 03B5A87B16A4920F007E3F88 /* JLPAppDelegate.m */; };
		03B5A87E16A4920F007E3F88 /* Default.png in Resources */ = {isa = PBXBuildFile; fileRef = 03B5A87D16A4920F007E3F88 /* Default.png */; };
		03B5A88016A4920F007E3F88 /* Default@2x.png in Resources */ = {isa = PBXBuildFile; fileRef = 03B5A87F16A4920F007E3F88 /* Default@2x.png */; };
		03B5A88216A4920F007E3F88 /* Default-568h@2x.png in Resources */ = {isa = PBXBuildFile; fileRef = 03B5A88116A4920F007E3F88 /* Default-568h@2x.png */; };
		03B5A88516A4920F007E3F88 /* MainStoryboard.storyboard in Resources */ = {isa = PBXBuildFile; fileRef = 03B5A88316A4920F007E3F88 /* MainStoryboard.storyboard */; };
		03B5A88816A4920F007E3F88 /* JLPViewController.m in Sources */ = {isa = PBXBuildFile; fileRef = 03B5A88716A4920F007E3F88 /* JLPViewController.m */; };
/* End PBXBuildFile section */

/* Begin PBXFileReference section */
		032203DD16B8A3A200CFEC9A /* ButtonPi(u).png */ = {isa = PBXFileReference; lastKnownFileType = image.png; path = "ButtonPi(u).png"; sourceTree = "<group>"; };
		032203E316B8A4EB00CFEC9A /* ButtonPi(u).png */ = {isa = PBXFileReference; lastKnownFileType = image.png; path = "ButtonPi(u).png"; sourceTree = "<group>"; };
		032203E516B8A56400CFEC9A /* Calc Button.png */ = {isa = PBXFileReference; lastKnownFileType = image.png; path = "Calc Button.png"; sourceTree = "<group>"; };
		032AF95216B89495004400C0 /* Button^(u).png */ = {isa = PBXFileReference; lastKnownFileType = image.png; path = "Button^(u).png"; sourceTree = "<group>"; };
		039114C116C830CF001E12D6 /* 6125736-calculator-and-pencil-icon-or-symbol-illustration.png */ = {isa = PBXFileReference; lastKnownFileType = image.png; path = "6125736-calculator-and-pencil-icon-or-symbol-illustration.png"; sourceTree = "<group>"; };
		039114C316C830D9001E12D6 /* 6125736-calculator-and-pencil-icon-or-symbol-illustration.png */ = {isa = PBXFileReference; lastKnownFileType = image.png; path = "6125736-calculator-and-pencil-icon-or-symbol-illustration.png"; sourceTree = "<group>"; };
		039114C716C830FF001E12D6 /* as.png */ = {isa = PBXFileReference; lastKnownFileType = image.png; name = as.png; path = ../as.png; sourceTree = "<group>"; };
		039E818616B89227008691BC /* 9.png */ = {isa = PBXFileReference; lastKnownFileType = image.png; path = 9.png; sourceTree = "<group>"; };
		039E818716B89227008691BC /* Button((u).png */ = {isa = PBXFileReference; lastKnownFileType = image.png; path = "Button((u).png"; sourceTree = "<group>"; };
		039E818816B89227008691BC /* Button)(u).png */ = {isa = PBXFileReference; lastKnownFileType = image.png; path = "Button)(u).png"; sourceTree = "<group>"; };
		039E818916B89227008691BC /* Button+(u).png */ = {isa = PBXFileReference; lastKnownFileType = image.png; path = "Button+(u).png"; sourceTree = "<group>"; };
		039E818A16B89227008691BC /* Button+-(u).png */ = {isa = PBXFileReference; lastKnownFileType = image.png; path = "Button+-(u).png"; sourceTree = "<group>"; };
		039E818B16B89227008691BC /* Button-(u).png */ = {isa = PBXFileReference; lastKnownFileType = image.png; path = "Button-(u).png"; sourceTree = "<group>"; };
		039E818C16B89227008691BC /* Button-\(u).png */ = {isa = PBXFileReference; lastKnownFileType = image.png; path = "Button-\\(u).png"; sourceTree = "<group>"; };
		039E818D16B89227008691BC /* Button0(p).png */ = {isa = PBXFileReference; lastKnownFileType = image.png; path = "Button0(p).png"; sourceTree = "<group>"; };
		039E818E16B89227008691BC /* Button0(u).png */ = {isa = PBXFileReference; lastKnownFileType = image.png; path = "Button0(u).png"; sourceTree = "<group>"; };
		039E818F16B89227008691BC /* Button1(p).png */ = {isa = PBXFileReference; lastKnownFileType = image.png; path = "Button1(p).png"; sourceTree = "<group>"; };
		039E819016B89227008691BC /* Button1(u).png */ = {isa = PBXFileReference; lastKnownFileType = image.png; path = "Button1(u).png"; sourceTree = "<group>"; };
		039E819116B89227008691BC /* Button2(p).png */ = {isa = PBXFileReference; lastKnownFileType = image.png; path = "Button2(p).png"; sourceTree = "<group>"; };
		039E819216B89227008691BC /* Button2(u).png */ = {isa = PBXFileReference; lastKnownFileType = image.png; path = "Button2(u).png"; sourceTree = "<group>"; };
		039E819316B89227008691BC /* Button3(p).png */ = {isa = PBXFileReference; lastKnownFileType = image.png; path = "Button3(p).png"; sourceTree = "<group>"; };
		039E819416B89227008691BC /* Button3(u).png */ = {isa = PBXFileReference; lastKnownFileType = image.png; path = "Button3(u).png"; sourceTree = "<group>"; };
		039E819516B89227008691BC /* Button4(p).png */ = {isa = PBXFileReference; lastKnownFileType = image.png; path = "Button4(p).png"; sourceTree = "<group>"; };
		039E819616B89227008691BC /* Button4(u).png */ = {isa = PBXFileReference; lastKnownFileType = image.png; path = "Button4(u).png"; sourceTree = "<group>"; };
		039E819716B89227008691BC /* Button5(p).png */ = {isa = PBXFileReference; lastKnownFileType = image.png; path = "Button5(p).png"; sourceTree = "<group>"; };
		039E819816B89227008691BC /* Button5(u).png */ = {isa = PBXFileReference; lastKnownFileType = image.png; path = "Button5(u).png"; sourceTree = "<group>"; };
		039E819916B89227008691BC /* Button6(p).png */ = {isa = PBXFileReference; lastKnownFileType = image.png; path = "Button6(p).png"; sourceTree = "<group>"; };
		039E819A16B89227008691BC /* Button6(u).png */ = {isa = PBXFileReference; lastKnownFileType = image.png; path = "Button6(u).png"; sourceTree = "<group>"; };
		039E819B16B89227008691BC /* Button7(p).png */ = {isa = PBXFileReference; lastKnownFileType = image.png; path = "Button7(p).png"; sourceTree = "<group>"; };
		039E819C16B89227008691BC /* Button7(u).png */ = {isa = PBXFileReference; lastKnownFileType = image.png; path = "Button7(u).png"; sourceTree = "<group>"; };
		039E819D16B89227008691BC /* Button8(p).png */ = {isa = PBXFileReference; lastKnownFileType = image.png; path = "Button8(p).png"; sourceTree = "<group>"; };
		039E819E16B89227008691BC /* Button8(u).png */ = {isa = PBXFileReference; lastKnownFileType = image.png; path = "Button8(u).png"; sourceTree = "<group>"; };
		039E819F16B89227008691BC /* Button9(p).png */ = {isa = PBXFileReference; lastKnownFileType = image.png; path = "Button9(p).png"; sourceTree = "<group>"; };
		039E81A016B89227008691BC /* Button9(u).png */ = {isa = PBXFileReference; lastKnownFileType = image.png; path = "Button9(u).png"; sourceTree = "<group>"; };
		039E81A216B89227008691BC /* ButtonC(u).png */ = {isa = PBXFileReference; lastKnownFileType = image.png; path = "ButtonC(u).png"; sourceTree = "<group>"; };
		039E81A316B89227008691BC /* ButtonE(p).png */ = {isa = PBXFileReference; lastKnownFileType = image.png; path = "ButtonE(p).png"; sourceTree = "<group>"; };
		039E81A416B89227008691BC /* ButtonE(u).png */ = {isa = PBXFileReference; lastKnownFileType = image.png; path = "ButtonE(u).png"; sourceTree = "<group>"; };
		039E81A516B89227008691BC /* Buttonp(p).png */ = {isa = PBXFileReference; lastKnownFileType = image.png; path = "Buttonp(p).png"; sourceTree = "<group>"; };
		039E81A616B89227008691BC /* Buttonp(u).png */ = {isa = PBXFileReference; lastKnownFileType = image.png; path = "Buttonp(u).png"; sourceTree = "<group>"; };
		039E81A716B89227008691BC /* ButtonPi(u).png */ = {isa = PBXFileReference; lastKnownFileType = image.png; path = "ButtonPi(u).png"; sourceTree = "<group>"; };
		039E81A816B89227008691BC /* ButtonX(u).png */ = {isa = PBXFileReference; lastKnownFileType = image.png; path = "ButtonX(u).png"; sourceTree = "<group>"; };
		039E81A916B89227008691BC /* Calc Button.ai */ = {isa = PBXFileReference; fileEncoding = 4; lastKnownFileType = text; path = "Calc Button.ai"; sourceTree = "<group>"; };
		03A66FFC16B8AAEE003A9D57 /* Screen.png */ = {isa = PBXFileReference; lastKnownFileType = image.png; path = Screen.png; sourceTree = "<group>"; };
		03A6700016B8B214003A9D57 /* low_contrast_linen.png */ = {isa = PBXFileReference; lastKnownFileType = image.png; path = low_contrast_linen.png; sourceTree = "<group>"; };
		03B5A86716A4920F007E3F88 /* Calculator.app */ = {isa = PBXFileReference; explicitFileType = wrapper.application; includeInIndex = 0; path = Calculator.app; sourceTree = BUILT_PRODUCTS_DIR; };
		03B5A86B16A4920F007E3F88 /* UIKit.framework */ = {isa = PBXFileReference; lastKnownFileType = wrapper.framework; name = UIKit.framework; path = System/Library/Frameworks/UIKit.framework; sourceTree = SDKROOT; };
		03B5A86D16A4920F007E3F88 /* Foundation.framework */ = {isa = PBXFileReference; lastKnownFileType = wrapper.framework; name = Foundation.framework; path = System/Library/Frameworks/Foundation.framework; sourceTree = SDKROOT; };
		03B5A86F16A4920F007E3F88 /* CoreGraphics.framework */ = {isa = PBXFileReference; lastKnownFileType = wrapper.framework; name = CoreGraphics.framework; path = System/Library/Frameworks/CoreGraphics.framework; sourceTree = SDKROOT; };
		03B5A87316A4920F007E3F88 /* Calculator-Info.plist */ = {isa = PBXFileReference; lastKnownFileType = text.plist.xml; path = "Calculator-Info.plist"; sourceTree = "<group>"; };
		03B5A87516A4920F007E3F88 /* en */ = {isa = PBXFileReference; lastKnownFileType = text.plist.strings; name = en; path = en.lproj/InfoPlist.strings; sourceTree = "<group>"; };
		03B5A87716A4920F007E3F88 /* main.m */ = {isa = PBXFileReference; lastKnownFileType = sourcecode.c.objc; path = main.m; sourceTree = "<group>"; };
		03B5A87916A4920F007E3F88 /* Calculator-Prefix.pch */ = {isa = PBXFileReference; lastKnownFileType = sourcecode.c.h; path = "Calculator-Prefix.pch"; sourceTree = "<group>"; };
		03B5A87A16A4920F007E3F88 /* JLPAppDelegate.h */ = {isa = PBXFileReference; lastKnownFileType = sourcecode.c.h; path = JLPAppDelegate.h; sourceTree = "<group>"; };
		03B5A87B16A4920F007E3F88 /* JLPAppDelegate.m */ = {isa = PBXFileReference; lastKnownFileType = sourcecode.c.objc; path = JLPAppDelegate.m; sourceTree = "<group>"; };
		03B5A87D16A4920F007E3F88 /* Default.png */ = {isa = PBXFileReference; lastKnownFileType = image.png; path = Default.png; sourceTree = "<group>"; };
		03B5A87F16A4920F007E3F88 /* Default@2x.png */ = {isa = PBXFileReference; lastKnownFileType = image.png; path = "Default@2x.png"; sourceTree = "<group>"; };
		03B5A88116A4920F007E3F88 /* Default-568h@2x.png */ = {isa = PBXFileReference; lastKnownFileType = image.png; path = "Default-568h@2x.png"; sourceTree = "<group>"; };
		03B5A88416A4920F007E3F88 /* en */ = {isa = PBXFileReference; lastKnownFileType = file.storyboard; name = en; path = en.lproj/MainStoryboard.storyboard; sourceTree = "<group>"; };
		03B5A88616A4920F007E3F88 /* JLPViewController.h */ = {isa = PBXFileReference; lastKnownFileType = sourcecode.c.h; path = JLPViewController.h; sourceTree = "<group>"; };
		03B5A88716A4920F007E3F88 /* JLPViewController.m */ = {isa = PBXFileReference; lastKnownFileType = sourcecode.c.objc; path = JLPViewController.m; sourceTree = "<group>"; };
/* End PBXFileReference section */

/* Begin PBXFrameworksBuildPhase section */
		03B5A86416A4920F007E3F88 /* Frameworks */ = {
			isa = PBXFrameworksBuildPhase;
			buildActionMask = 2147483647;
			files = (
				03B5A86C16A4920F007E3F88 /* UIKit.framework in Frameworks */,
				03B5A86E16A4920F007E3F88 /* Foundation.framework in Frameworks */,
				03B5A87016A4920F007E3F88 /* CoreGraphics.framework in Frameworks */,
			);
			runOnlyForDeploymentPostprocessing = 0;
		};
/* End PBXFrameworksBuildPhase section */

/* Begin PBXGroup section */
		039E818516B89227008691BC /* Buttons */ = {
			isa = PBXGroup;
			children = (
				03A66FFC16B8AAEE003A9D57 /* Screen.png */,
				032203E516B8A56400CFEC9A /* Calc Button.png */,
				032203E316B8A4EB00CFEC9A /* ButtonPi(u).png */,
				039E818616B89227008691BC /* 9.png */,
				032203DD16B8A3A200CFEC9A /* ButtonPi(u).png */,
				039E818716B89227008691BC /* Button((u).png */,
				039E818816B89227008691BC /* Button)(u).png */,
				039E818916B89227008691BC /* Button+(u).png */,
				039E818A16B89227008691BC /* Button+-(u).png */,
				039E818B16B89227008691BC /* Button-(u).png */,
				039E818C16B89227008691BC /* Button-\(u).png */,
				039E818D16B89227008691BC /* Button0(p).png */,
				039E818E16B89227008691BC /* Button0(u).png */,
				039E818F16B89227008691BC /* Button1(p).png */,
				039E819016B89227008691BC /* Button1(u).png */,
				039E819116B89227008691BC /* Button2(p).png */,
				039E819216B89227008691BC /* Button2(u).png */,
				039E819316B89227008691BC /* Button3(p).png */,
				039E819416B89227008691BC /* Button3(u).png */,
				039E819516B89227008691BC /* Button4(p).png */,
				032AF95216B89495004400C0 /* Button^(u).png */,
				039E819616B89227008691BC /* Button4(u).png */,
				039E819716B89227008691BC /* Button5(p).png */,
				039E819816B89227008691BC /* Button5(u).png */,
				039E819916B89227008691BC /* Button6(p).png */,
				039E819A16B89227008691BC /* Button6(u).png */,
				039E819B16B89227008691BC /* Button7(p).png */,
				039E819C16B89227008691BC /* Button7(u).png */,
				039E819D16B89227008691BC /* Button8(p).png */,
				039E819E16B89227008691BC /* Button8(u).png */,
				039E819F16B89227008691BC /* Button9(p).png */,
				039E81A016B89227008691BC /* Button9(u).png */,
				039E81A216B89227008691BC /* ButtonC(u).png */,
				039E81A316B89227008691BC /* ButtonE(p).png */,
				039E81A416B89227008691BC /* ButtonE(u).png */,
				039E81A516B89227008691BC /* Buttonp(p).png */,
				039E81A616B89227008691BC /* Buttonp(u).png */,
				039E81A716B89227008691BC /* ButtonPi(u).png */,
				039E81A816B89227008691BC /* ButtonX(u).png */,
				039E81A916B89227008691BC /* Calc Button.ai */,
			);
			path = Buttons;
			sourceTree = "<group>";
		};
		03B5A85C16A4920F007E3F88 = {
			isa = PBXGroup;
			children = (
				039114C316C830D9001E12D6 /* 6125736-calculator-and-pencil-icon-or-symbol-illustration.png */,
				03B5A87116A4920F007E3F88 /* Calculator */,
				03B5A86A16A4920F007E3F88 /* Frameworks */,
				03B5A86816A4920F007E3F88 /* Products */,
			);
			sourceTree = "<group>";
		};
		03B5A86816A4920F007E3F88 /* Products */ = {
			isa = PBXGroup;
			children = (
				03B5A86716A4920F007E3F88 /* Calculator.app */,
			);
			name = Products;
			sourceTree = "<group>";
		};
		03B5A86A16A4920F007E3F88 /* Frameworks */ = {
			isa = PBXGroup;
			children = (
				03B5A86B16A4920F007E3F88 /* UIKit.framework */,
				03B5A86D16A4920F007E3F88 /* Foundation.framework */,
				03B5A86F16A4920F007E3F88 /* CoreGraphics.framework */,
			);
			name = Frameworks;
			sourceTree = "<group>";
		};
		03B5A87116A4920F007E3F88 /* Calculator */ = {
			isa = PBXGroup;
			children = (
				03B5A87A16A4920F007E3F88 /* JLPAppDelegate.h */,
				03B5A87B16A4920F007E3F88 /* JLPAppDelegate.m */,
				03B5A88316A4920F007E3F88 /* MainStoryboard.storyboard */,
				03B5A88616A4920F007E3F88 /* JLPViewController.h */,
				03B5A88716A4920F007E3F88 /* JLPViewController.m */,
				03B5A87216A4920F007E3F88 /* Supporting Files */,
			);
			path = Calculator;
			sourceTree = "<group>";
		};
		03B5A87216A4920F007E3F88 /* Supporting Files */ = {
			isa = PBXGroup;
			children = (
				039114C716C830FF001E12D6 /* as.png */,
				039114C116C830CF001E12D6 /* 6125736-calculator-and-pencil-icon-or-symbol-illustration.png */,
				03A6700016B8B214003A9D57 /* low_contrast_linen.png */,
				039E818516B89227008691BC /* Buttons */,
				03B5A87316A4920F007E3F88 /* Calculator-Info.plist */,
				03B5A87416A4920F007E3F88 /* InfoPlist.strings */,
				03B5A87716A4920F007E3F88 /* main.m */,
				03B5A87916A4920F007E3F88 /* Calculator-Prefix.pch */,
				03B5A87D16A4920F007E3F88 /* Default.png */,
				03B5A87F16A4920F007E3F88 /* Default@2x.png */,
				03B5A88116A4920F007E3F88 /* Default-568h@2x.png */,
			);
			name = "Supporting Files";
			sourceTree = "<group>";
		};
/* End PBXGroup section */

/* Begin PBXNativeTarget section */
		03B5A86616A4920F007E3F88 /* Calculator */ = {
			isa = PBXNativeTarget;
			buildConfigurationList = 03B5A88B16A4920F007E3F88 /* Build configuration list for PBXNativeTarget "Calculator" */;
			buildPhases = (
				03B5A86316A4920F007E3F88 /* Sources */,
				03B5A86416A4920F007E3F88 /* Frameworks */,
				03B5A86516A4920F007E3F88 /* Resources */,
			);
			buildRules = (
			);
			dependencies = (
			);
			name = Calculator;
			productName = Calculator;
			productReference = 03B5A86716A4920F007E3F88 /* Calculator.app */;
			productType = "com.apple.product-type.application";
		};
/* End PBXNativeTarget section */

/* Begin PBXProject section */
		03B5A85E16A4920F007E3F88 /* Project object */ = {
			isa = PBXProject;
			attributes = {
				CLASSPREFIX = JLP;
				LastUpgradeCheck = 0460;
				ORGANIZATIONNAME = "Josh Pearlstein";
			};
			buildConfigurationList = 03B5A86116A4920F007E3F88 /* Build configuration list for PBXProject "Calculator" */;
			compatibilityVersion = "Xcode 3.2";
			developmentRegion = English;
			hasScannedForEncodings = 0;
			knownRegions = (
				en,
			);
			mainGroup = 03B5A85C16A4920F007E3F88;
			productRefGroup = 03B5A86816A4920F007E3F88 /* Products */;
			projectDirPath = "";
			projectRoot = "";
			targets = (
				03B5A86616A4920F007E3F88 /* Calculator */,
			);
		};
/* End PBXProject section */

/* Begin PBXResourcesBuildPhase section */
		03B5A86516A4920F007E3F88 /* Resources */ = {
			isa = PBXResourcesBuildPhase;
			buildActionMask = 2147483647;
			files = (
				03B5A87616A4920F007E3F88 /* InfoPlist.strings in Resources */,
				03B5A87E16A4920F007E3F88 /* Default.png in Resources */,
				03B5A88016A4920F007E3F88 /* Default@2x.png in Resources */,
				03B5A88216A4920F007E3F88 /* Default-568h@2x.png in Resources */,
				03B5A88516A4920F007E3F88 /* MainStoryboard.storyboard in Resources */,
				039E81AA16B89227008691BC /* 9.png in Resources */,
				039E81AB16B89227008691BC /* Button((u).png in Resources */,
				039E81AC16B89227008691BC /* Button)(u).png in Resources */,
				039E81AD16B89227008691BC /* Button+(u).png in Resources */,
				039E81AE16B89227008691BC /* Button+-(u).png in Resources */,
				039E81AF16B89227008691BC /* Button-(u).png in Resources */,
				039E81B016B89227008691BC /* Button-\(u).png in Resources */,
				039E81B116B89227008691BC /* Button0(p).png in Resources */,
				039E81B216B89227008691BC /* Button0(u).png in Resources */,
				039E81B316B89227008691BC /* Button1(p).png in Resources */,
				039E81B416B89227008691BC /* Button1(u).png in Resources */,
				039E81B516B89227008691BC /* Button2(p).png in Resources */,
				039E81B616B89227008691BC /* Button2(u).png in Resources */,
				039E81B716B89227008691BC /* Button3(p).png in Resources */,
				039E81B816B89227008691BC /* Button3(u).png in Resources */,
				039E81B916B89227008691BC /* Button4(p).png in Resources */,
				039E81BA16B89227008691BC /* Button4(u).png in Resources */,
				039E81BB16B89227008691BC /* Button5(p).png in Resources */,
				039E81BC16B89227008691BC /* Button5(u).png in Resources */,
				039E81BD16B89227008691BC /* Button6(p).png in Resources */,
				039E81BE16B89227008691BC /* Button6(u).png in Resources */,
				039E81BF16B89227008691BC /* Button7(p).png in Resources */,
				039E81C016B89227008691BC /* Button7(u).png in Resources */,
				039E81C116B89227008691BC /* Button8(p).png in Resources */,
				039E81C216B89227008691BC /* Button8(u).png in Resources */,
				039E81C316B89227008691BC /* Button9(p).png in Resources */,
				039E81C416B89227008691BC /* Button9(u).png in Resources */,
				039E81C616B89227008691BC /* ButtonC(u).png in Resources */,
				039E81C716B89227008691BC /* ButtonE(p).png in Resources */,
				039E81C816B89227008691BC /* ButtonE(u).png in Resources */,
				039E81C916B89227008691BC /* Buttonp(p).png in Resources */,
				039E81CA16B89227008691BC /* Buttonp(u).png in Resources */,
				039E81CB16B89227008691BC /* ButtonPi(u).png in Resources */,
				039E81CC16B89227008691BC /* ButtonX(u).png in Resources */,
				039E81CD16B89227008691BC /* Calc Button.ai in Resources */,
				032AF95316B89495004400C0 /* Button^(u).png in Resources */,
				032203E616B8A56400CFEC9A /* Calc Button.png in Resources */,
				03A66FFD16B8AAEE003A9D57 /* Screen.png in Resources */,
				03A6700116B8B214003A9D57 /* low_contrast_linen.png in Resources */,
				039114C216C830CF001E12D6 /* 6125736-calculator-and-pencil-icon-or-symbol-illustration.png in Resources */,
				039114C416C830D9001E12D6 /* 6125736-calculator-and-pencil-icon-or-symbol-illustration.png in Resources */,
				039114C816C830FF001E12D6 /* as.png in Resources */,
			);
			runOnlyForDeploymentPostprocessing = 0;
		};
/* End PBXResourcesBuildPhase section */

/* Begin PBXSourcesBuildPhase section */
		03B5A86316A4920F007E3F88 /* Sources */ = {
			isa = PBXSourcesBuildPhase;
			buildActionMask = 2147483647;
			files = (
				03B5A87816A4920F007E3F88 /* main.m in Sources */,
				03B5A87C16A4920F007E3F88 /* JLPAppDelegate.m in Sources */,
				03B5A88816A4920F007E3F88 /* JLPViewController.m in Sources */,
			);
			runOnlyForDeploymentPostprocessing = 0;
		};
/* End PBXSourcesBuildPhase section */

/* Begin PBXVariantGroup section */
		03B5A87416A4920F007E3F88 /* InfoPlist.strings */ = {
			isa = PBXVariantGroup;
			children = (
				03B5A87516A4920F007E3F88 /* en */,
			);
			name = InfoPlist.strings;
			sourceTree = "<group>";
		};
		03B5A88316A4920F007E3F88 /* MainStoryboard.storyboard */ = {
			isa = PBXVariantGroup;
			children = (
				03B5A88416A4920F007E3F88 /* en */,
			);
			name = MainStoryboard.storyboard;
			sourceTree = "<group>";
		};
/* End PBXVariantGroup section */

/* Begin XCBuildConfiguration section */
		03B5A88916A4920F007E3F88 /* Debug */ = {
			isa = XCBuildConfiguration;
			buildSettings = {
				ALWAYS_SEARCH_USER_PATHS = NO;
				CLANG_CXX_LANGUAGE_STANDARD = "gnu++0x";
				CLANG_CXX_LIBRARY = "libc++";
				CLANG_ENABLE_OBJC_ARC = YES;
				CLANG_WARN_EMPTY_BODY = YES;
				CLANG_WARN__DUPLICATE_METHOD_MATCH = YES;
				"CODE_SIGN_IDENTITY[sdk=iphoneos*]" = "iPhone Developer";
				COPY_PHASE_STRIP = NO;
				GCC_C_LANGUAGE_STANDARD = gnu99;
				GCC_DYNAMIC_NO_PIC = NO;
				GCC_OPTIMIZATION_LEVEL = 0;
				GCC_PREPROCESSOR_DEFINITIONS = (
					"DEBUG=1",
					"$(inherited)",
				);
				GCC_SYMBOLS_PRIVATE_EXTERN = NO;
				GCC_WARN_ABOUT_RETURN_TYPE = YES;
				GCC_WARN_UNINITIALIZED_AUTOS = YES;
				GCC_WARN_UNUSED_VARIABLE = YES;
				IPHONEOS_DEPLOYMENT_TARGET = 6.0;
				ONLY_ACTIVE_ARCH = YES;
				SDKROOT = iphoneos;
			};
			name = Debug;
		};
		03B5A88A16A4920F007E3F88 /* Release */ = {
			isa = XCBuildConfiguration;
			buildSettings = {
				ALWAYS_SEARCH_USER_PATHS = NO;
				CLANG_CXX_LANGUAGE_STANDARD = "gnu++0x";
				CLANG_CXX_LIBRARY = "libc++";
				CLANG_ENABLE_OBJC_ARC = YES;
				CLANG_WARN_EMPTY_BODY = YES;
				CLANG_WARN__DUPLICATE_METHOD_MATCH = YES;
				"CODE_SIGN_IDENTITY[sdk=iphoneos*]" = "iPhone Developer";
				COPY_PHASE_STRIP = YES;
				GCC_C_LANGUAGE_STANDARD = gnu99;
				GCC_WARN_ABOUT_RETURN_TYPE = YES;
				GCC_WARN_UNINITIALIZED_AUTOS = YES;
				GCC_WARN_UNUSED_VARIABLE = YES;
				IPHONEOS_DEPLOYMENT_TARGET = 6.0;
				OTHER_CFLAGS = "-DNS_BLOCK_ASSERTIONS=1";
				SDKROOT = iphoneos;
				VALIDATE_PRODUCT = YES;
			};
			name = Release;
		};
		03B5A88C16A4920F007E3F88 /* Debug */ = {
			isa = XCBuildConfiguration;
			buildSettings = {
				GCC_PRECOMPILE_PREFIX_HEADER = YES;
				GCC_PREFIX_HEADER = "Calculator/Calculator-Prefix.pch";
				INFOPLIST_FILE = "Calculator/Calculator-Info.plist";
				IPHONEOS_DEPLOYMENT_TARGET = 6.1;
				PRODUCT_NAME = "$(TARGET_NAME)";
				TARGETED_DEVICE_FAMILY = 1;
				WRAPPER_EXTENSION = app;
			};
			name = Debug;
		};
		03B5A88D16A4920F007E3F88 /* Release */ = {
			isa = XCBuildConfiguration;
			buildSettings = {
				GCC_PRECOMPILE_PREFIX_HEADER = YES;
				GCC_PREFIX_HEADER = "Calculator/Calculator-Prefix.pch";
				INFOPLIST_FILE = "Calculator/Calculator-Info.plist";
				IPHONEOS_DEPLOYMENT_TARGET = 6.1;
				PRODUCT_NAME = "$(TARGET_NAME)";
				TARGETED_DEVICE_FAMILY = 1;
				WRAPPER_EXTENSION = app;
			};
			name = Release;
		};
/* End XCBuildConfiguration section */

/* Begin XCConfigurationList section */
		03B5A86116A4920F007E3F88 /* Build configuration list for PBXProject "Calculator" */ = {
			isa = XCConfigurationList;
			buildConfigurations = (
				03B5A88916A4920F007E3F88 /* Debug */,
				03B5A88A16A4920F007E3F88 /* Release */,
			);
			defaultConfigurationIsVisible = 0;
			defaultConfigurationName = Release;
		};
		03B5A88B16A4920F007E3F88 /* Build configuration list for PBXNativeTarget "Calculator" */ = {
			isa = XCConfigurationList;
			buildConfigurations = (
				03B5A88C16A4920F007E3F88 /* Debug */,
				03B5A88D16A4920F007E3F88 /* Release */,
			);
			defaultConfigurationIsVisible = 0;
			defaultConfigurationName = Release;
		};
/* End XCConfigurationList section */
	};
	rootObject = 03B5A85E16A4920F007E3F88 /* Project object */;
}
